
Microsoft Visual Studio Solution File, Format Version 12.00
# Visual Studio 15
VisualStudioVersion = 15.0.28307.572
MinimumVisualStudioVersion = 10.0.40219.1
Project("{FAE04EC0-301F-11D3-BF4B-00C04F79EFBC}") = "GeneratorKrzyzowekUnitTest", "GeneratorKrzyzowekUnitTest.csproj", "{8D08CB7D-399C-47EC-954B-7C54EBAE11A3}"
EndProject
Global
	GlobalSection(SolutionConfigurationPlatforms) = preSolution
		Debug|Any CPU = Debug|Any CPU
		Release|Any CPU = Release|Any CPU
	EndGlobalSection
	GlobalSection(ProjectConfigurationPlatforms) = postSolution
		{8D08CB7D-399C-47EC-954B-7C54EBAE11A3}.Debug|Any CPU.ActiveCfg = Debug|Any CPU
		{8D08CB7D-399C-47EC-954B-7C54EBAE11A3}.Debug|Any CPU.Build.0 = Debug|Any CPU
		{8D08CB7D-399C-47EC-954B-7C54EBAE11A3}.Release|Any CPU.ActiveCfg = Release|Any CPU
		{8D08CB7D-399C-47EC-954B-7C54EBAE11A3}.Release|Any CPU.Build.0 = Release|Any CPU
	EndGlobalSection
	GlobalSection(SolutionProperties) = preSolution
		HideSolutionNode = FALSE
	EndGlobalSection
	GlobalSection(ExtensibilityGlobals) = postSolution
		SolutionGuid = {40F68440-267F-4E87-AD58-E9B1C48C6BC9}
	EndGlobalSection
EndGlobal
